// !$*UTF8*$!
{
	archiveVersion = 1;
	classes = {
	};
	objectVersion = 50;
	objects = {

/* Begin PBXBuildFile section */
		0449698B23CEE00800131F29 /* StarTableViewCell.swift in Sources */ = {isa = PBXBuildFile; fileRef = 0449698A23CEE00800131F29 /* StarTableViewCell.swift */; };
		0460A28F23CED7D9004EE62B /* Star.swift in Sources */ = {isa = PBXBuildFile; fileRef = 0460A28E23CED7D9004EE62B /* Star.swift */; };
		0460A29223CED8C1004EE62B /* StarController.swift in Sources */ = {isa = PBXBuildFile; fileRef = 0460A29123CED8C1004EE62B /* StarController.swift */; };
		04B106A523CE110D00FE4813 /* AppDelegate.swift in Sources */ = {isa = PBXBuildFile; fileRef = 04B106A423CE110D00FE4813 /* AppDelegate.swift */; };
		04B106A723CE110D00FE4813 /* SceneDelegate.swift in Sources */ = {isa = PBXBuildFile; fileRef = 04B106A623CE110D00FE4813 /* SceneDelegate.swift */; };
		04B106A923CE110D00FE4813 /* StarsViewController.swift in Sources */ = {isa = PBXBuildFile; fileRef = 04B106A823CE110D00FE4813 /* StarsViewController.swift */; };
		04B106AC23CE110D00FE4813 /* Main.storyboard in Resources */ = {isa = PBXBuildFile; fileRef = 04B106AA23CE110D00FE4813 /* Main.storyboard */; };
		04B106AE23CE111300FE4813 /* Assets.xcassets in Resources */ = {isa = PBXBuildFile; fileRef = 04B106AD23CE111300FE4813 /* Assets.xcassets */; };
		04B106B123CE111300FE4813 /* LaunchScreen.storyboard in Resources */ = {isa = PBXBuildFile; fileRef = 04B106AF23CE111300FE4813 /* LaunchScreen.storyboard */; };
/* End PBXBuildFile section */

/* Begin PBXFileReference section */
		0449698A23CEE00800131F29 /* StarTableViewCell.swift */ = {isa = PBXFileReference; lastKnownFileType = sourcecode.swift; path = StarTableViewCell.swift; sourceTree = "<group>"; };
		0460A28E23CED7D9004EE62B /* Star.swift */ = {isa = PBXFileReference; lastKnownFileType = sourcecode.swift; path = Star.swift; sourceTree = "<group>"; };
		0460A29123CED8C1004EE62B /* StarController.swift */ = {isa = PBXFileReference; lastKnownFileType = sourcecode.swift; path = StarController.swift; sourceTree = "<group>"; };
		04B106A123CE110D00FE4813 /* Stars.app */ = {isa = PBXFileReference; explicitFileType = wrapper.application; includeInIndex = 0; path = Stars.app; sourceTree = BUILT_PRODUCTS_DIR; };
		04B106A423CE110D00FE4813 /* AppDelegate.swift */ = {isa = PBXFileReference; lastKnownFileType = sourcecode.swift; path = AppDelegate.swift; sourceTree = "<group>"; };
		04B106A623CE110D00FE4813 /* SceneDelegate.swift */ = {isa = PBXFileReference; lastKnownFileType = sourcecode.swift; path = SceneDelegate.swift; sourceTree = "<group>"; };
		04B106A823CE110D00FE4813 /* StarsViewController.swift */ = {isa = PBXFileReference; lastKnownFileType = sourcecode.swift; path = StarsViewController.swift; sourceTree = "<group>"; };
		04B106AB23CE110D00FE4813 /* Base */ = {isa = PBXFileReference; lastKnownFileType = file.storyboard; name = Base; path = Base.lproj/Main.storyboard; sourceTree = "<group>"; };
		04B106AD23CE111300FE4813 /* Assets.xcassets */ = {isa = PBXFileReference; lastKnownFileType = folder.assetcatalog; path = Assets.xcassets; sourceTree = "<group>"; };
		04B106B023CE111300FE4813 /* Base */ = {isa = PBXFileReference; lastKnownFileType = file.storyboard; name = Base; path = Base.lproj/LaunchScreen.storyboard; sourceTree = "<group>"; };
		04B106B223CE111300FE4813 /* Info.plist */ = {isa = PBXFileReference; lastKnownFileType = text.plist.xml; path = Info.plist; sourceTree = "<group>"; };
/* End PBXFileReference section */

/* Begin PBXFrameworksBuildPhase section */
		04B1069E23CE110D00FE4813 /* Frameworks */ = {
			isa = PBXFrameworksBuildPhase;
			buildActionMask = 2147483647;
			files = (
			);
			runOnlyForDeploymentPostprocessing = 0;
		};
/* End PBXFrameworksBuildPhase section */

/* Begin PBXGroup section */
		0460A29023CED7E0004EE62B /* Model */ = {
			isa = PBXGroup;
			children = (
				0460A28E23CED7D9004EE62B /* Star.swift */,
			);
			path = Model;
			sourceTree = "<group>";
		};
		04B1069823CE110D00FE4813 = {
			isa = PBXGroup;
			children = (
				04B106A323CE110D00FE4813 /* Stars */,
				04B106A223CE110D00FE4813 /* Products */,
			);
			sourceTree = "<group>";
		};
		04B106A223CE110D00FE4813 /* Products */ = {
			isa = PBXGroup;
			children = (
				04B106A123CE110D00FE4813 /* Stars.app */,
			);
			name = Products;
			sourceTree = "<group>";
		};
		04B106A323CE110D00FE4813 /* Stars */ = {
			isa = PBXGroup;
			children = (
				04B106A423CE110D00FE4813 /* AppDelegate.swift */,
				04B106A623CE110D00FE4813 /* SceneDelegate.swift */,
				0460A29023CED7E0004EE62B /* Model */,
				04B106B923CE1E5300FE4813 /* Controller */,
				04B106B823CE1E4A00FE4813 /* View */,
				04B106AD23CE111300FE4813 /* Assets.xcassets */,
				04B106AF23CE111300FE4813 /* LaunchScreen.storyboard */,
				04B106B223CE111300FE4813 /* Info.plist */,
			);
			path = Stars;
			sourceTree = "<group>";
		};
		04B106B823CE1E4A00FE4813 /* View */ = {
			isa = PBXGroup;
			children = (
				04B106AA23CE110D00FE4813 /* Main.storyboard */,
			);
			path = View;
			sourceTree = "<group>";
		};
		04B106B923CE1E5300FE4813 /* Controller */ = {
			isa = PBXGroup;
			children = (
				0460A29123CED8C1004EE62B /* StarController.swift */,
				04B106A823CE110D00FE4813 /* StarsViewController.swift */,
				0449698A23CEE00800131F29 /* StarTableViewCell.swift */,
			);
			path = Controller;
			sourceTree = "<group>";
		};
/* End PBXGroup section */

/* Begin PBXNativeTarget section */
		04B106A023CE110D00FE4813 /* Stars */ = {
			isa = PBXNativeTarget;
			buildConfigurationList = 04B106B523CE111300FE4813 /* Build configuration list for PBXNativeTarget "Stars" */;
			buildPhases = (
				04B1069D23CE110D00FE4813 /* Sources */,
				04B1069E23CE110D00FE4813 /* Frameworks */,
				04B1069F23CE110D00FE4813 /* Resources */,
			);
			buildRules = (
			);
			dependencies = (
			);
			name = Stars;
			productName = Stars;
			productReference = 04B106A123CE110D00FE4813 /* Stars.app */;
			productType = "com.apple.product-type.application";
		};
/* End PBXNativeTarget section */

/* Begin PBXProject section */
		04B1069923CE110D00FE4813 /* Project object */ = {
			isa = PBXProject;
			attributes = {
				LastSwiftUpdateCheck = 1130;
				LastUpgradeCheck = 1130;
				ORGANIZATIONNAME = "FGT MAC";
				TargetAttributes = {
					04B106A023CE110D00FE4813 = {
						CreatedOnToolsVersion = 11.3.1;
					};
				};
			};
			buildConfigurationList = 04B1069C23CE110D00FE4813 /* Build configuration list for PBXProject "Stars" */;
			compatibilityVersion = "Xcode 9.3";
			developmentRegion = en;
			hasScannedForEncodings = 0;
			knownRegions = (
				en,
				Base,
			);
			mainGroup = 04B1069823CE110D00FE4813;
			productRefGroup = 04B106A223CE110D00FE4813 /* Products */;
			projectDirPath = "";
			projectRoot = "";
			targets = (
				04B106A023CE110D00FE4813 /* Stars */,
			);
		};
/* End PBXProject section */

/* Begin PBXResourcesBuildPhase section */
		04B1069F23CE110D00FE4813 /* Resources */ = {
			isa = PBXResourcesBuildPhase;
			buildActionMask = 2147483647;
			files = (
				04B106B123CE111300FE4813 /* LaunchScreen.storyboard in Resources */,
				04B106AE23CE111300FE4813 /* Assets.xcassets in Resources */,
				04B106AC23CE110D00FE4813 /* Main.storyboard in Resources */,
			);
			runOnlyForDeploymentPostprocessing = 0;
		};
/* End PBXResourcesBuildPhase section */

/* Begin PBXSourcesBuildPhase section */
		04B1069D23CE110D00FE4813 /* Sources */ = {
			isa = PBXSourcesBuildPhase;
			buildActionMask = 2147483647;
			files = (
				04B106A923CE110D00FE4813 /* StarsViewController.swift in Sources */,
				0449698B23CEE00800131F29 /* StarTableViewCell.swift in Sources */,
				04B106A523CE110D00FE4813 /* AppDelegate.swift in Sources */,
				0460A29223CED8C1004EE62B /* StarController.swift in Sources */,
				04B106A723CE110D00FE4813 /* SceneDelegate.swift in Sources */,
				0460A28F23CED7D9004EE62B /* Star.swift in Sources */,
			);
			runOnlyForDeploymentPostprocessing = 0;
		};
/* End PBXSourcesBuildPhase section */

/* Begin PBXVariantGroup section */
		04B106AA23CE110D00FE4813 /* Main.storyboard */ = {
			isa = PBXVariantGroup;
			children = (
				04B106AB23CE110D00FE4813 /* Base */,
			);
			name = Main.storyboard;
			sourceTree = "<group>";
		};
		04B106AF23CE111300FE4813 /* LaunchScreen.storyboard */ = {
			isa = PBXVariantGroup;
			children = (
				04B106B023CE111300FE4813 /* Base */,
			);
			name = LaunchScreen.storyboard;
			sourceTree = "<group>";
		};
/* End PBXVariantGroup section */

/* Begin XCBuildConfiguration section */
		04B106B323CE111300FE4813 /* Debug */ = {
			isa = XCBuildConfiguration;
			buildSettings = {
				ALWAYS_SEARCH_USER_PATHS = NO;
				CLANG_ANALYZER_NONNULL = YES;
				CLANG_ANALYZER_NUMBER_OBJECT_CONVERSION = YES_AGGRESSIVE;
				CLANG_CXX_LANGUAGE_STANDARD = "gnu++14";
				CLANG_CXX_LIBRARY = "libc++";
				CLANG_ENABLE_MODULES = YES;
				CLANG_ENABLE_OBJC_ARC = YES;
				CLANG_ENABLE_OBJC_WEAK = YES;
				CLANG_WARN_BLOCK_CAPTURE_AUTORELEASING = YES;
				CLANG_WARN_BOOL_CONVERSION = YES;
				CLANG_WARN_COMMA = YES;
				CLANG_WARN_CONSTANT_CONVERSION = YES;
				CLANG_WARN_DEPRECATED_OBJC_IMPLEMENTATIONS = YES;
				CLANG_WARN_DIRECT_OBJC_ISA_USAGE = YES_ERROR;
				CLANG_WARN_DOCUMENTATION_COMMENTS = YES;
				CLANG_WARN_EMPTY_BODY = YES;
				CLANG_WARN_ENUM_CONVERSION = YES;
				CLANG_WARN_INFINITE_RECURSION = YES;
				CLANG_WARN_INT_CONVERSION = YES;
				CLANG_WARN_NON_LITERAL_NULL_CONVERSION = YES;
				CLANG_WARN_OBJC_IMPLICIT_RETAIN_SELF = YES;
				CLANG_WARN_OBJC_LITERAL_CONVERSION = YES;
				CLANG_WARN_OBJC_ROOT_CLASS = YES_ERROR;
				CLANG_WARN_RANGE_LOOP_ANALYSIS = YES;
				CLANG_WARN_STRICT_PROTOTYPES = YES;
				CLANG_WARN_SUSPICIOUS_MOVE = YES;
				CLANG_WARN_UNGUARDED_AVAILABILITY = YES_AGGRESSIVE;
				CLANG_WARN_UNREACHABLE_CODE = YES;
				CLANG_WARN__DUPLICATE_METHOD_MATCH = YES;
				COPY_PHASE_STRIP = NO;
				DEBUG_INFORMATION_FORMAT = dwarf;
				ENABLE_STRICT_OBJC_MSGSEND = YES;
				ENABLE_TESTABILITY = YES;
				GCC_C_LANGUAGE_STANDARD = gnu11;
				GCC_DYNAMIC_NO_PIC = NO;
				GCC_NO_COMMON_BLOCKS = YES;
				GCC_OPTIMIZATION_LEVEL = 0;
				GCC_PREPROCESSOR_DEFINITIONS = (
					"DEBUG=1",
					"$(inherited)",
				);
				GCC_WARN_64_TO_32_BIT_CONVERSION = YES;
				GCC_WARN_ABOUT_RETURN_TYPE = YES_ERROR;
				GCC_WARN_UNDECLARED_SELECTOR = YES;
				GCC_WARN_UNINITIALIZED_AUTOS = YES_AGGRESSIVE;
				GCC_WARN_UNUSED_FUNCTION = YES;
				GCC_WARN_UNUSED_VARIABLE = YES;
				IPHONEOS_DEPLOYMENT_TARGET = 13.2;
				MTL_ENABLE_DEBUG_INFO = INCLUDE_SOURCE;
				MTL_FAST_MATH = YES;
				ONLY_ACTIVE_ARCH = YES;
				SDKROOT = iphoneos;
				SWIFT_ACTIVE_COMPILATION_CONDITIONS = DEBUG;
				SWIFT_OPTIMIZATION_LEVEL = "-Onone";
			};
			name = Debug;
		};
		04B106B423CE111300FE4813 /* Release */ = {
			isa = XCBuildConfiguration;
			buildSettings = {
				ALWAYS_SEARCH_USER_PATHS = NO;
				CLANG_ANALYZER_NONNULL = YES;
				CLANG_ANALYZER_NUMBER_OBJECT_CONVERSION = YES_AGGRESSIVE;
				CLANG_CXX_LANGUAGE_STANDARD = "gnu++14";
				CLANG_CXX_LIBRARY = "libc++";
				CLANG_ENABLE_MODULES = YES;
				CLANG_ENABLE_OBJC_ARC = YES;
				CLANG_ENABLE_OBJC_WEAK = YES;
				CLANG_WARN_BLOCK_CAPTURE_AUTORELEASING = YES;
				CLANG_WARN_BOOL_CONVERSION = YES;
				CLANG_WARN_COMMA = YES;
				CLANG_WARN_CONSTANT_CONVERSION = YES;
				CLANG_WARN_DEPRECATED_OBJC_IMPLEMENTATIONS = YES;
				CLANG_WARN_DIRECT_OBJC_ISA_USAGE = YES_ERROR;
				CLANG_WARN_DOCUMENTATION_COMMENTS = YES;
				CLANG_WARN_EMPTY_BODY = YES;
				CLANG_WARN_ENUM_CONVERSION = YES;
				CLANG_WARN_INFINITE_RECURSION = YES;
				CLANG_WARN_INT_CONVERSION = YES;
				CLANG_WARN_NON_LITERAL_NULL_CONVERSION = YES;
				CLANG_WARN_OBJC_IMPLICIT_RETAIN_SELF = YES;
				CLANG_WARN_OBJC_LITERAL_CONVERSION = YES;
				CLANG_WARN_OBJC_ROOT_CLASS = YES_ERROR;
				CLANG_WARN_RANGE_LOOP_ANALYSIS = YES;
				CLANG_WARN_STRICT_PROTOTYPES = YES;
				CLANG_WARN_SUSPICIOUS_MOVE = YES;
				CLANG_WARN_UNGUARDED_AVAILABILITY = YES_AGGRESSIVE;
				CLANG_WARN_UNREACHABLE_CODE = YES;
				CLANG_WARN__DUPLICATE_METHOD_MATCH = YES;
				COPY_PHASE_STRIP = NO;
				DEBUG_INFORMATION_FORMAT = "dwarf-with-dsym";
				ENABLE_NS_ASSERTIONS = NO;
				ENABLE_STRICT_OBJC_MSGSEND = YES;
				GCC_C_LANGUAGE_STANDARD = gnu11;
				GCC_NO_COMMON_BLOCKS = YES;
				GCC_WARN_64_TO_32_BIT_CONVERSION = YES;
				GCC_WARN_ABOUT_RETURN_TYPE = YES_ERROR;
				GCC_WARN_UNDECLARED_SELECTOR = YES;
				GCC_WARN_UNINITIALIZED_AUTOS = YES_AGGRESSIVE;
				GCC_WARN_UNUSED_FUNCTION = YES;
				GCC_WARN_UNUSED_VARIABLE = YES;
				IPHONEOS_DEPLOYMENT_TARGET = 13.2;
				MTL_ENABLE_DEBUG_INFO = NO;
				MTL_FAST_MATH = YES;
				SDKROOT = iphoneos;
				SWIFT_COMPILATION_MODE = wholemodule;
				SWIFT_OPTIMIZATION_LEVEL = "-O";
				VALIDATE_PRODUCT = YES;
			};
			name = Release;
		};
		04B106B623CE111300FE4813 /* Debug */ = {
			isa = XCBuildConfiguration;
			buildSettings = {
				ASSETCATALOG_COMPILER_APPICON_NAME = AppIcon;
				CODE_SIGN_STYLE = Automatic;
				DEVELOPMENT_TEAM = N3P8URX7UV;
				INFOPLIST_FILE = Stars/Info.plist;
				LD_RUNPATH_SEARCH_PATHS = (
					"$(inherited)",
					"@executable_path/Frameworks",
				);
				PRODUCT_BUNDLE_IDENTIFIER = com.2WeER.fritzgt.Stars;
				PRODUCT_NAME = "$(TARGET_NAME)";
				SWIFT_VERSION = 5.0;
				TARGETED_DEVICE_FAMILY = "1,2";
			};
			name = Debug;
		};
		04B106B723CE111300FE4813 /* Release */ = {
			isa = XCBuildConfiguration;
			buildSettings = {
				ASSETCATALOG_COMPILER_APPICON_NAME = AppIcon;
				CODE_SIGN_STYLE = Automatic;
				DEVELOPMENT_TEAM = N3P8URX7UV;
				INFOPLIST_FILE = Stars/Info.plist;
				LD_RUNPATH_SEARCH_PATHS = (
					"$(inherited)",
					"@executable_path/Frameworks",
				);
				PRODUCT_BUNDLE_IDENTIFIER = com.2WeER.fritzgt.Stars;
				PRODUCT_NAME = "$(TARGET_NAME)";
				SWIFT_VERSION = 5.0;
				TARGETED_DEVICE_FAMILY = "1,2";
			};
			name = Release;
		};
/* End XCBuildConfiguration section */

/* Begin XCConfigurationList section */
		04B1069C23CE110D00FE4813 /* Build configuration list for PBXProject "Stars" */ = {
			isa = XCConfigurationList;
			buildConfigurations = (
				04B106B323CE111300FE4813 /* Debug */,
				04B106B423CE111300FE4813 /* Release */,
			);
			defaultConfigurationIsVisible = 0;
			defaultConfigurationName = Release;
		};
		04B106B523CE111300FE4813 /* Build configuration list for PBXNativeTarget "Stars" */ = {
			isa = XCConfigurationList;
			buildConfigurations = (
				04B106B623CE111300FE4813 /* Debug */,
				04B106B723CE111300FE4813 /* Release */,
			);
			defaultConfigurationIsVisible = 0;
			defaultConfigurationName = Release;
		};
/* End XCConfigurationList section */
	};
	rootObject = 04B1069923CE110D00FE4813 /* Project object */;
}
